// !$*UTF8*$!
{
	archiveVersion = 1;
	classes = {
	};
	objectVersion = 56;
	objects = {

/* Begin PBXBuildFile section */
		B83D44202DAF3BB800F95B42 /* CheckSignApp.swift in Sources */ = {isa = PBXBuildFile; fileRef = B83D441F2DAF3BB800F95B42 /* CheckSignApp.swift */; };
		B83D44222DAF3BB800F95B42 /* ContentView.swift in Sources */ = {isa = PBXBuildFile; fileRef = B83D44212DAF3BB800F95B42 /* ContentView.swift */; };
		B83D44242DAF3BBA00F95B42 /* Assets.xcassets in Resources */ = {isa = PBXBuildFile; fileRef = B83D44232DAF3BBA00F95B42 /* Assets.xcassets */; };
		B83D44282DAF3BBA00F95B42 /* Preview Assets.xcassets in Resources */ = {isa = PBXBuildFile; fileRef = B83D44272DAF3BBA00F95B42 /* Preview Assets.xcassets */; };
		B83D44322DAF3BBA00F95B42 /* CheckSignTests.swift in Sources */ = {isa = PBXBuildFile; fileRef = B83D44312DAF3BBA00F95B42 /* CheckSignTests.swift */; };
		B83D443C2DAF3BBA00F95B42 /* CheckSignUITests.swift in Sources */ = {isa = PBXBuildFile; fileRef = B83D443B2DAF3BBA00F95B42 /* CheckSignUITests.swift */; };
		B83D443E2DAF3BBA00F95B42 /* CheckSignUITestsLaunchTests.swift in Sources */ = {isa = PBXBuildFile; fileRef = B83D443D2DAF3BBA00F95B42 /* CheckSignUITestsLaunchTests.swift */; };
		B83D444D2DAF3E4A00F95B42 /* EventListView.swift in Sources */ = {isa = PBXBuildFile; fileRef = B83D444C2DAF3E4A00F95B42 /* EventListView.swift */; };
		B83D444F2DAF3E6C00F95B42 /* EventDetailView.swift in Sources */ = {isa = PBXBuildFile; fileRef = B83D444E2DAF3E6C00F95B42 /* EventDetailView.swift */; };
		B83D44512DAF3E8B00F95B42 /* EventViewModel.swift in Sources */ = {isa = PBXBuildFile; fileRef = B83D44502DAF3E8B00F95B42 /* EventViewModel.swift */; };
		B83D44532DAF3EA100F95B42 /* OrganizationViewModel.swift in Sources */ = {isa = PBXBuildFile; fileRef = B83D44522DAF3EA100F95B42 /* OrganizationViewModel.swift */; };
		B83D44552DAF3EBF00F95B42 /* AuthViewModel.swift in Sources */ = {isa = PBXBuildFile; fileRef = B83D44542DAF3EBF00F95B42 /* AuthViewModel.swift */; };
		B83D44572DAF3ED500F95B42 /* models.swift in Sources */ = {isa = PBXBuildFile; fileRef = B83D44562DAF3ED500F95B42 /* models.swift */; };
		B83D44592DAF65B400F95B42 /* OrganizationView.swift in Sources */ = {isa = PBXBuildFile; fileRef = B83D44582DAF65B400F95B42 /* OrganizationView.swift */; };
/* End PBXBuildFile section */

/* Begin PBXContainerItemProxy section */
		B83D442E2DAF3BBA00F95B42 /* PBXContainerItemProxy */ = {
			isa = PBXContainerItemProxy;
			containerPortal = B83D44142DAF3BB800F95B42 /* Project object */;
			proxyType = 1;
			remoteGlobalIDString = B83D441B2DAF3BB800F95B42;
			remoteInfo = CheckSign;
		};
		B83D44382DAF3BBA00F95B42 /* PBXContainerItemProxy */ = {
			isa = PBXContainerItemProxy;
			containerPortal = B83D44142DAF3BB800F95B42 /* Project object */;
			proxyType = 1;
			remoteGlobalIDString = B83D441B2DAF3BB800F95B42;
			remoteInfo = CheckSign;
		};
/* End PBXContainerItemProxy section */

/* Begin PBXFileReference section */
		B83D441C2DAF3BB800F95B42 /* CheckSign.app */ = {isa = PBXFileReference; explicitFileType = wrapper.application; includeInIndex = 0; path = CheckSign.app; sourceTree = BUILT_PRODUCTS_DIR; };
		B83D441F2DAF3BB800F95B42 /* CheckSignApp.swift */ = {isa = PBXFileReference; lastKnownFileType = sourcecode.swift; path = CheckSignApp.swift; sourceTree = "<group>"; };
		B83D44212DAF3BB800F95B42 /* ContentView.swift */ = {isa = PBXFileReference; lastKnownFileType = sourcecode.swift; path = ContentView.swift; sourceTree = "<group>"; };
		B83D44232DAF3BBA00F95B42 /* Assets.xcassets */ = {isa = PBXFileReference; lastKnownFileType = folder.assetcatalog; path = Assets.xcassets; sourceTree = "<group>"; };
		B83D44252DAF3BBA00F95B42 /* CheckSign.entitlements */ = {isa = PBXFileReference; lastKnownFileType = text.plist.entitlements; path = CheckSign.entitlements; sourceTree = "<group>"; };
		B83D44272DAF3BBA00F95B42 /* Preview Assets.xcassets */ = {isa = PBXFileReference; lastKnownFileType = folder.assetcatalog; path = "Preview Assets.xcassets"; sourceTree = "<group>"; };
		B83D442D2DAF3BBA00F95B42 /* CheckSignTests.xctest */ = {isa = PBXFileReference; explicitFileType = wrapper.cfbundle; includeInIndex = 0; path = CheckSignTests.xctest; sourceTree = BUILT_PRODUCTS_DIR; };
		B83D44312DAF3BBA00F95B42 /* CheckSignTests.swift */ = {isa = PBXFileReference; lastKnownFileType = sourcecode.swift; path = CheckSignTests.swift; sourceTree = "<group>"; };
		B83D44372DAF3BBA00F95B42 /* CheckSignUITests.xctest */ = {isa = PBXFileReference; explicitFileType = wrapper.cfbundle; includeInIndex = 0; path = CheckSignUITests.xctest; sourceTree = BUILT_PRODUCTS_DIR; };
		B83D443B2DAF3BBA00F95B42 /* CheckSignUITests.swift */ = {isa = PBXFileReference; lastKnownFileType = sourcecode.swift; path = CheckSignUITests.swift; sourceTree = "<group>"; };
		B83D443D2DAF3BBA00F95B42 /* CheckSignUITestsLaunchTests.swift */ = {isa = PBXFileReference; lastKnownFileType = sourcecode.swift; path = CheckSignUITestsLaunchTests.swift; sourceTree = "<group>"; };
		B83D444C2DAF3E4A00F95B42 /* EventListView.swift */ = {isa = PBXFileReference; lastKnownFileType = sourcecode.swift; path = EventListView.swift; sourceTree = "<group>"; };
		B83D444E2DAF3E6C00F95B42 /* EventDetailView.swift */ = {isa = PBXFileReference; lastKnownFileType = sourcecode.swift; path = EventDetailView.swift; sourceTree = "<group>"; };
		B83D44502DAF3E8B00F95B42 /* EventViewModel.swift */ = {isa = PBXFileReference; lastKnownFileType = sourcecode.swift; path = EventViewModel.swift; sourceTree = "<group>"; };
		B83D44522DAF3EA100F95B42 /* OrganizationViewModel.swift */ = {isa = PBXFileReference; lastKnownFileType = sourcecode.swift; path = OrganizationViewModel.swift; sourceTree = "<group>"; };
		B83D44542DAF3EBF00F95B42 /* AuthViewModel.swift */ = {isa = PBXFileReference; lastKnownFileType = sourcecode.swift; path = AuthViewModel.swift; sourceTree = "<group>"; };
		B83D44562DAF3ED500F95B42 /* models.swift */ = {isa = PBXFileReference; lastKnownFileType = sourcecode.swift; path = models.swift; sourceTree = "<group>"; };
		B83D44582DAF65B400F95B42 /* OrganizationView.swift */ = {isa = PBXFileReference; lastKnownFileType = sourcecode.swift; path = OrganizationView.swift; sourceTree = "<group>"; };
/* End PBXFileReference section */

/* Begin PBXFrameworksBuildPhase section */
		B83D44192DAF3BB800F95B42 /* Frameworks */ = {
			isa = PBXFrameworksBuildPhase;
			buildActionMask = 2147483647;
			files = (
			);
			runOnlyForDeploymentPostprocessing = 0;
		};
		B83D442A2DAF3BBA00F95B42 /* Frameworks */ = {
			isa = PBXFrameworksBuildPhase;
			buildActionMask = 2147483647;
			files = (
			);
			runOnlyForDeploymentPostprocessing = 0;
		};
		B83D44342DAF3BBA00F95B42 /* Frameworks */ = {
			isa = PBXFrameworksBuildPhase;
			buildActionMask = 2147483647;
			files = (
			);
			runOnlyForDeploymentPostprocessing = 0;
		};
/* End PBXFrameworksBuildPhase section */

/* Begin PBXGroup section */
		B83D44132DAF3BB800F95B42 = {
			isa = PBXGroup;
			children = (
				B83D441E2DAF3BB800F95B42 /* CheckSign */,
				B83D44302DAF3BBA00F95B42 /* CheckSignTests */,
				B83D443A2DAF3BBA00F95B42 /* CheckSignUITests */,
				B83D441D2DAF3BB800F95B42 /* Products */,
			);
			sourceTree = "<group>";
		};
		B83D441D2DAF3BB800F95B42 /* Products */ = {
			isa = PBXGroup;
			children = (
				B83D441C2DAF3BB800F95B42 /* CheckSign.app */,
				B83D442D2DAF3BBA00F95B42 /* CheckSignTests.xctest */,
				B83D44372DAF3BBA00F95B42 /* CheckSignUITests.xctest */,
			);
			name = Products;
			sourceTree = "<group>";
		};
		B83D441E2DAF3BB800F95B42 /* CheckSign */ = {
			isa = PBXGroup;
			children = (
				B83D441F2DAF3BB800F95B42 /* CheckSignApp.swift */,
				B83D44212DAF3BB800F95B42 /* ContentView.swift */,
				B83D444C2DAF3E4A00F95B42 /* EventListView.swift */,
				B83D444E2DAF3E6C00F95B42 /* EventDetailView.swift */,
				B83D44502DAF3E8B00F95B42 /* EventViewModel.swift */,
				B83D44522DAF3EA100F95B42 /* OrganizationViewModel.swift */,
				B83D44582DAF65B400F95B42 /* OrganizationView.swift */,
				B83D44542DAF3EBF00F95B42 /* AuthViewModel.swift */,
				B83D44562DAF3ED500F95B42 /* models.swift */,
				B83D44232DAF3BBA00F95B42 /* Assets.xcassets */,
				B83D44252DAF3BBA00F95B42 /* CheckSign.entitlements */,
				B83D44262DAF3BBA00F95B42 /* Preview Content */,
			);
			path = CheckSign;
			sourceTree = "<group>";
		};
		B83D44262DAF3BBA00F95B42 /* Preview Content */ = {
			isa = PBXGroup;
			children = (
				B83D44272DAF3BBA00F95B42 /* Preview Assets.xcassets */,
			);
			path = "Preview Content";
			sourceTree = "<group>";
		};
		B83D44302DAF3BBA00F95B42 /* CheckSignTests */ = {
			isa = PBXGroup;
			children = (
				B83D44312DAF3BBA00F95B42 /* CheckSignTests.swift */,
			);
			path = CheckSignTests;
			sourceTree = "<group>";
		};
		B83D443A2DAF3BBA00F95B42 /* CheckSignUITests */ = {
			isa = PBXGroup;
			children = (
				B83D443B2DAF3BBA00F95B42 /* CheckSignUITests.swift */,
				B83D443D2DAF3BBA00F95B42 /* CheckSignUITestsLaunchTests.swift */,
			);
			path = CheckSignUITests;
			sourceTree = "<group>";
		};
/* End PBXGroup section */

/* Begin PBXNativeTarget section */
		B83D441B2DAF3BB800F95B42 /* CheckSign */ = {
			isa = PBXNativeTarget;
			buildConfigurationList = B83D44412DAF3BBA00F95B42 /* Build configuration list for PBXNativeTarget "CheckSign" */;
			buildPhases = (
				B83D44182DAF3BB800F95B42 /* Sources */,
				B83D44192DAF3BB800F95B42 /* Frameworks */,
				B83D441A2DAF3BB800F95B42 /* Resources */,
			);
			buildRules = (
			);
			dependencies = (
			);
			name = CheckSign;
			productName = CheckSign;
			productReference = B83D441C2DAF3BB800F95B42 /* CheckSign.app */;
			productType = "com.apple.product-type.application";
		};
		B83D442C2DAF3BBA00F95B42 /* CheckSignTests */ = {
			isa = PBXNativeTarget;
			buildConfigurationList = B83D44442DAF3BBA00F95B42 /* Build configuration list for PBXNativeTarget "CheckSignTests" */;
			buildPhases = (
				B83D44292DAF3BBA00F95B42 /* Sources */,
				B83D442A2DAF3BBA00F95B42 /* Frameworks */,
				B83D442B2DAF3BBA00F95B42 /* Resources */,
			);
			buildRules = (
			);
			dependencies = (
				B83D442F2DAF3BBA00F95B42 /* PBXTargetDependency */,
			);
			name = CheckSignTests;
			productName = CheckSignTests;
			productReference = B83D442D2DAF3BBA00F95B42 /* CheckSignTests.xctest */;
			productType = "com.apple.product-type.bundle.unit-test";
		};
		B83D44362DAF3BBA00F95B42 /* CheckSignUITests */ = {
			isa = PBXNativeTarget;
			buildConfigurationList = B83D44472DAF3BBA00F95B42 /* Build configuration list for PBXNativeTarget "CheckSignUITests" */;
			buildPhases = (
				B83D44332DAF3BBA00F95B42 /* Sources */,
				B83D44342DAF3BBA00F95B42 /* Frameworks */,
				B83D44352DAF3BBA00F95B42 /* Resources */,
			);
			buildRules = (
			);
			dependencies = (
				B83D44392DAF3BBA00F95B42 /* PBXTargetDependency */,
			);
			name = CheckSignUITests;
			productName = CheckSignUITests;
			productReference = B83D44372DAF3BBA00F95B42 /* CheckSignUITests.xctest */;
			productType = "com.apple.product-type.bundle.ui-testing";
		};
/* End PBXNativeTarget section */

/* Begin PBXProject section */
		B83D44142DAF3BB800F95B42 /* Project object */ = {
			isa = PBXProject;
			attributes = {
				BuildIndependentTargetsInParallel = 1;
				LastSwiftUpdateCheck = 1510;
				LastUpgradeCheck = 1510;
				TargetAttributes = {
					B83D441B2DAF3BB800F95B42 = {
						CreatedOnToolsVersion = 15.1;
					};
					B83D442C2DAF3BBA00F95B42 = {
						CreatedOnToolsVersion = 15.1;
						TestTargetID = B83D441B2DAF3BB800F95B42;
					};
					B83D44362DAF3BBA00F95B42 = {
						CreatedOnToolsVersion = 15.1;
						TestTargetID = B83D441B2DAF3BB800F95B42;
					};
				};
			};
			buildConfigurationList = B83D44172DAF3BB800F95B42 /* Build configuration list for PBXProject "CheckSign" */;
			compatibilityVersion = "Xcode 14.0";
			developmentRegion = en;
			hasScannedForEncodings = 0;
			knownRegions = (
				en,
				Base,
			);
			mainGroup = B83D44132DAF3BB800F95B42;
			productRefGroup = B83D441D2DAF3BB800F95B42 /* Products */;
			projectDirPath = "";
			projectRoot = "";
			targets = (
				B83D441B2DAF3BB800F95B42 /* CheckSign */,
				B83D442C2DAF3BBA00F95B42 /* CheckSignTests */,
				B83D44362DAF3BBA00F95B42 /* CheckSignUITests */,
			);
		};
/* End PBXProject section */

/* Begin PBXResourcesBuildPhase section */
		B83D441A2DAF3BB800F95B42 /* Resources */ = {
			isa = PBXResourcesBuildPhase;
			buildActionMask = 2147483647;
			files = (
				B83D44282DAF3BBA00F95B42 /* Preview Assets.xcassets in Resources */,
				B83D44242DAF3BBA00F95B42 /* Assets.xcassets in Resources */,
			);
			runOnlyForDeploymentPostprocessing = 0;
		};
		B83D442B2DAF3BBA00F95B42 /* Resources */ = {
			isa = PBXResourcesBuildPhase;
			buildActionMask = 2147483647;
			files = (
			);
			runOnlyForDeploymentPostprocessing = 0;
		};
		B83D44352DAF3BBA00F95B42 /* Resources */ = {
			isa = PBXResourcesBuildPhase;
			buildActionMask = 2147483647;
			files = (
			);
			runOnlyForDeploymentPostprocessing = 0;
		};
/* End PBXResourcesBuildPhase section */

/* Begin PBXSourcesBuildPhase section */
		B83D44182DAF3BB800F95B42 /* Sources */ = {
			isa = PBXSourcesBuildPhase;
			buildActionMask = 2147483647;
			files = (
				B83D444F2DAF3E6C00F95B42 /* EventDetailView.swift in Sources */,
				B83D44592DAF65B400F95B42 /* OrganizationView.swift in Sources */,
				B83D44532DAF3EA100F95B42 /* OrganizationViewModel.swift in Sources */,
				B83D44222DAF3BB800F95B42 /* ContentView.swift in Sources */,
				B83D44572DAF3ED500F95B42 /* models.swift in Sources */,
				B83D44552DAF3EBF00F95B42 /* AuthViewModel.swift in Sources */,
				B83D444D2DAF3E4A00F95B42 /* EventListView.swift in Sources */,
				B83D44512DAF3E8B00F95B42 /* EventViewModel.swift in Sources */,
				B83D44202DAF3BB800F95B42 /* CheckSignApp.swift in Sources */,
			);
			runOnlyForDeploymentPostprocessing = 0;
		};
		B83D44292DAF3BBA00F95B42 /* Sources */ = {
			isa = PBXSourcesBuildPhase;
			buildActionMask = 2147483647;
			files = (
				B83D44322DAF3BBA00F95B42 /* CheckSignTests.swift in Sources */,
			);
			runOnlyForDeploymentPostprocessing = 0;
		};
		B83D44332DAF3BBA00F95B42 /* Sources */ = {
			isa = PBXSourcesBuildPhase;
			buildActionMask = 2147483647;
			files = (
				B83D443E2DAF3BBA00F95B42 /* CheckSignUITestsLaunchTests.swift in Sources */,
				B83D443C2DAF3BBA00F95B42 /* CheckSignUITests.swift in Sources */,
			);
			runOnlyForDeploymentPostprocessing = 0;
		};
/* End PBXSourcesBuildPhase section */

/* Begin PBXTargetDependency section */
		B83D442F2DAF3BBA00F95B42 /* PBXTargetDependency */ = {
			isa = PBXTargetDependency;
			target = B83D441B2DAF3BB800F95B42 /* CheckSign */;
			targetProxy = B83D442E2DAF3BBA00F95B42 /* PBXContainerItemProxy */;
		};
		B83D44392DAF3BBA00F95B42 /* PBXTargetDependency */ = {
			isa = PBXTargetDependency;
			target = B83D441B2DAF3BB800F95B42 /* CheckSign */;
			targetProxy = B83D44382DAF3BBA00F95B42 /* PBXContainerItemProxy */;
		};
/* End PBXTargetDependency section */

/* Begin XCBuildConfiguration section */
		B83D443F2DAF3BBA00F95B42 /* Debug */ = {
			isa = XCBuildConfiguration;
			buildSettings = {
				ALWAYS_SEARCH_USER_PATHS = NO;
				ASSETCATALOG_COMPILER_GENERATE_SWIFT_ASSET_SYMBOL_EXTENSIONS = YES;
				CLANG_ANALYZER_NONNULL = YES;
				CLANG_ANALYZER_NUMBER_OBJECT_CONVERSION = YES_AGGRESSIVE;
				CLANG_CXX_LANGUAGE_STANDARD = "gnu++20";
				CLANG_ENABLE_MODULES = YES;
				CLANG_ENABLE_OBJC_ARC = YES;
				CLANG_ENABLE_OBJC_WEAK = YES;
				CLANG_WARN_BLOCK_CAPTURE_AUTORELEASING = YES;
				CLANG_WARN_BOOL_CONVERSION = YES;
				CLANG_WARN_COMMA = YES;
				CLANG_WARN_CONSTANT_CONVERSION = YES;
				CLANG_WARN_DEPRECATED_OBJC_IMPLEMENTATIONS = YES;
				CLANG_WARN_DIRECT_OBJC_ISA_USAGE = YES_ERROR;
				CLANG_WARN_DOCUMENTATION_COMMENTS = YES;
				CLANG_WARN_EMPTY_BODY = YES;
				CLANG_WARN_ENUM_CONVERSION = YES;
				CLANG_WARN_INFINITE_RECURSION = YES;
				CLANG_WARN_INT_CONVERSION = YES;
				CLANG_WARN_NON_LITERAL_NULL_CONVERSION = YES;
				CLANG_WARN_OBJC_IMPLICIT_RETAIN_SELF = YES;
				CLANG_WARN_OBJC_LITERAL_CONVERSION = YES;
				CLANG_WARN_OBJC_ROOT_CLASS = YES_ERROR;
				CLANG_WARN_QUOTED_INCLUDE_IN_FRAMEWORK_HEADER = YES;
				CLANG_WARN_RANGE_LOOP_ANALYSIS = YES;
				CLANG_WARN_STRICT_PROTOTYPES = YES;
				CLANG_WARN_SUSPICIOUS_MOVE = YES;
				CLANG_WARN_UNGUARDED_AVAILABILITY = YES_AGGRESSIVE;
				CLANG_WARN_UNREACHABLE_CODE = YES;
				CLANG_WARN__DUPLICATE_METHOD_MATCH = YES;
				COPY_PHASE_STRIP = NO;
				DEBUG_INFORMATION_FORMAT = dwarf;
				ENABLE_STRICT_OBJC_MSGSEND = YES;
				ENABLE_TESTABILITY = YES;
				ENABLE_USER_SCRIPT_SANDBOXING = YES;
				GCC_C_LANGUAGE_STANDARD = gnu17;
				GCC_DYNAMIC_NO_PIC = NO;
				GCC_NO_COMMON_BLOCKS = YES;
				GCC_OPTIMIZATION_LEVEL = 0;
				GCC_PREPROCESSOR_DEFINITIONS = (
					"DEBUG=1",
					"$(inherited)",
				);
				GCC_WARN_64_TO_32_BIT_CONVERSION = YES;
				GCC_WARN_ABOUT_RETURN_TYPE = YES_ERROR;
				GCC_WARN_UNDECLARED_SELECTOR = YES;
				GCC_WARN_UNINITIALIZED_AUTOS = YES_AGGRESSIVE;
				GCC_WARN_UNUSED_FUNCTION = YES;
				GCC_WARN_UNUSED_VARIABLE = YES;
				LOCALIZATION_PREFERS_STRING_CATALOGS = YES;
				MTL_ENABLE_DEBUG_INFO = INCLUDE_SOURCE;
				MTL_FAST_MATH = YES;
				ONLY_ACTIVE_ARCH = YES;
				SWIFT_ACTIVE_COMPILATION_CONDITIONS = "DEBUG $(inherited)";
				SWIFT_OPTIMIZATION_LEVEL = "-Onone";
			};
			name = Debug;
		};
		B83D44402DAF3BBA00F95B42 /* Release */ = {
			isa = XCBuildConfiguration;
			buildSettings = {
				ALWAYS_SEARCH_USER_PATHS = NO;
				ASSETCATALOG_COMPILER_GENERATE_SWIFT_ASSET_SYMBOL_EXTENSIONS = YES;
				CLANG_ANALYZER_NONNULL = YES;
				CLANG_ANALYZER_NUMBER_OBJECT_CONVERSION = YES_AGGRESSIVE;
				CLANG_CXX_LANGUAGE_STANDARD = "gnu++20";
				CLANG_ENABLE_MODULES = YES;
				CLANG_ENABLE_OBJC_ARC = YES;
				CLANG_ENABLE_OBJC_WEAK = YES;
				CLANG_WARN_BLOCK_CAPTURE_AUTORELEASING = YES;
				CLANG_WARN_BOOL_CONVERSION = YES;
				CLANG_WARN_COMMA = YES;
				CLANG_WARN_CONSTANT_CONVERSION = YES;
				CLANG_WARN_DEPRECATED_OBJC_IMPLEMENTATIONS = YES;
				CLANG_WARN_DIRECT_OBJC_ISA_USAGE = YES_ERROR;
				CLANG_WARN_DOCUMENTATION_COMMENTS = YES;
				CLANG_WARN_EMPTY_BODY = YES;
				CLANG_WARN_ENUM_CONVERSION = YES;
				CLANG_WARN_INFINITE_RECURSION = YES;
				CLANG_WARN_INT_CONVERSION = YES;
				CLANG_WARN_NON_LITERAL_NULL_CONVERSION = YES;
				CLANG_WARN_OBJC_IMPLICIT_RETAIN_SELF = YES;
				CLANG_WARN_OBJC_LITERAL_CONVERSION = YES;
				CLANG_WARN_OBJC_ROOT_CLASS = YES_ERROR;
				CLANG_WARN_QUOTED_INCLUDE_IN_FRAMEWORK_HEADER = YES;
				CLANG_WARN_RANGE_LOOP_ANALYSIS = YES;
				CLANG_WARN_STRICT_PROTOTYPES = YES;
				CLANG_WARN_SUSPICIOUS_MOVE = YES;
				CLANG_WARN_UNGUARDED_AVAILABILITY = YES_AGGRESSIVE;
				CLANG_WARN_UNREACHABLE_CODE = YES;
				CLANG_WARN__DUPLICATE_METHOD_MATCH = YES;
				COPY_PHASE_STRIP = NO;
				DEBUG_INFORMATION_FORMAT = "dwarf-with-dsym";
				ENABLE_NS_ASSERTIONS = NO;
				ENABLE_STRICT_OBJC_MSGSEND = YES;
				ENABLE_USER_SCRIPT_SANDBOXING = YES;
				GCC_C_LANGUAGE_STANDARD = gnu17;
				GCC_NO_COMMON_BLOCKS = YES;
				GCC_WARN_64_TO_32_BIT_CONVERSION = YES;
				GCC_WARN_ABOUT_RETURN_TYPE = YES_ERROR;
				GCC_WARN_UNDECLARED_SELECTOR = YES;
				GCC_WARN_UNINITIALIZED_AUTOS = YES_AGGRESSIVE;
				GCC_WARN_UNUSED_FUNCTION = YES;
				GCC_WARN_UNUSED_VARIABLE = YES;
				LOCALIZATION_PREFERS_STRING_CATALOGS = YES;
				MTL_ENABLE_DEBUG_INFO = NO;
				MTL_FAST_MATH = YES;
				SWIFT_COMPILATION_MODE = wholemodule;
			};
			name = Release;
		};
		B83D44422DAF3BBA00F95B42 /* Debug */ = {
			isa = XCBuildConfiguration;
			buildSettings = {
				ASSETCATALOG_COMPILER_APPICON_NAME = AppIcon;
				ASSETCATALOG_COMPILER_GLOBAL_ACCENT_COLOR_NAME = AccentColor;
				CODE_SIGN_ENTITLEMENTS = CheckSign/CheckSign.entitlements;
				CODE_SIGN_STYLE = Automatic;
				CURRENT_PROJECT_VERSION = 1;
				DEVELOPMENT_ASSET_PATHS = "\"CheckSign/Preview Content\"";
				DEVELOPMENT_TEAM = B4A7LGV5AC;
				ENABLE_HARDENED_RUNTIME = YES;
				ENABLE_PREVIEWS = YES;
				GENERATE_INFOPLIST_FILE = YES;
				"INFOPLIST_KEY_UIApplicationSceneManifest_Generation[sdk=iphoneos*]" = YES;
				"INFOPLIST_KEY_UIApplicationSceneManifest_Generation[sdk=iphonesimulator*]" = YES;
				"INFOPLIST_KEY_UIApplicationSupportsIndirectInputEvents[sdk=iphoneos*]" = YES;
				"INFOPLIST_KEY_UIApplicationSupportsIndirectInputEvents[sdk=iphonesimulator*]" = YES;
				"INFOPLIST_KEY_UILaunchScreen_Generation[sdk=iphoneos*]" = YES;
				"INFOPLIST_KEY_UILaunchScreen_Generation[sdk=iphonesimulator*]" = YES;
				"INFOPLIST_KEY_UIStatusBarStyle[sdk=iphoneos*]" = UIStatusBarStyleDefault;
				"INFOPLIST_KEY_UIStatusBarStyle[sdk=iphonesimulator*]" = UIStatusBarStyleDefault;
				INFOPLIST_KEY_UISupportedInterfaceOrientations_iPad = "UIInterfaceOrientationPortrait UIInterfaceOrientationPortraitUpsideDown UIInterfaceOrientationLandscapeLeft UIInterfaceOrientationLandscapeRight";
				INFOPLIST_KEY_UISupportedInterfaceOrientations_iPhone = "UIInterfaceOrientationPortrait UIInterfaceOrientationLandscapeLeft UIInterfaceOrientationLandscapeRight";
				IPHONEOS_DEPLOYMENT_TARGET = 17.2;
				LD_RUNPATH_SEARCH_PATHS = "@executable_path/Frameworks";
				"LD_RUNPATH_SEARCH_PATHS[sdk=macosx*]" = "@executable_path/../Frameworks";
				MACOSX_DEPLOYMENT_TARGET = 14.1;
				MARKETING_VERSION = 1.0;
				PRODUCT_BUNDLE_IDENTIFIER = Personal.CheckSign;
				"PRODUCT_BUNDLE_IDENTIFIER[sdk=iphoneos*]" = com.jackgerraughty.checkinapp;
				PRODUCT_NAME = "$(TARGET_NAME)";
				SDKROOT = auto;
				SUPPORTED_PLATFORMS = "iphonesimulator iphoneos";
				SWIFT_EMIT_LOC_STRINGS = YES;
				SWIFT_VERSION = 5.0;
				TARGETED_DEVICE_FAMILY = "1,2";
			};
			name = Debug;
		};
		B83D44432DAF3BBA00F95B42 /* Release */ = {
			isa = XCBuildConfiguration;
			buildSettings = {
				ASSETCATALOG_COMPILER_APPICON_NAME = AppIcon;
				ASSETCATALOG_COMPILER_GLOBAL_ACCENT_COLOR_NAME = AccentColor;
				CODE_SIGN_ENTITLEMENTS = CheckSign/CheckSign.entitlements;
				CODE_SIGN_STYLE = Automatic;
				CURRENT_PROJECT_VERSION = 1;
				DEVELOPMENT_ASSET_PATHS = "\"CheckSign/Preview Content\"";
				DEVELOPMENT_TEAM = B4A7LGV5AC;
				ENABLE_HARDENED_RUNTIME = YES;
				ENABLE_PREVIEWS = YES;
				GENERATE_INFOPLIST_FILE = YES;
				"INFOPLIST_KEY_UIApplicationSceneManifest_Generation[sdk=iphoneos*]" = YES;
				"INFOPLIST_KEY_UIApplicationSceneManifest_Generation[sdk=iphonesimulator*]" = YES;
				"INFOPLIST_KEY_UIApplicationSupportsIndirectInputEvents[sdk=iphoneos*]" = YES;
				"INFOPLIST_KEY_UIApplicationSupportsIndirectInputEvents[sdk=iphonesimulator*]" = YES;
				"INFOPLIST_KEY_UILaunchScreen_Generation[sdk=iphoneos*]" = YES;
				"INFOPLIST_KEY_UILaunchScreen_Generation[sdk=iphonesimulator*]" = YES;
				"INFOPLIST_KEY_UIStatusBarStyle[sdk=iphoneos*]" = UIStatusBarStyleDefault;
				"INFOPLIST_KEY_UIStatusBarStyle[sdk=iphonesimulator*]" = UIStatusBarStyleDefault;
				INFOPLIST_KEY_UISupportedInterfaceOrientations_iPad = "UIInterfaceOrientationPortrait UIInterfaceOrientationPortraitUpsideDown UIInterfaceOrientationLandscapeLeft UIInterfaceOrientationLandscapeRight";
				INFOPLIST_KEY_UISupportedInterfaceOrientations_iPhone = "UIInterfaceOrientationPortrait UIInterfaceOrientationLandscapeLeft UIInterfaceOrientationLandscapeRight";
				IPHONEOS_DEPLOYMENT_TARGET = 17.2;
				LD_RUNPATH_SEARCH_PATHS = "@executable_path/Frameworks";
				"LD_RUNPATH_SEARCH_PATHS[sdk=macosx*]" = "@executable_path/../Frameworks";
				MACOSX_DEPLOYMENT_TARGET = 14.1;
				MARKETING_VERSION = 1.0;
				PRODUCT_BUNDLE_IDENTIFIER = Personal.CheckSign;
				"PRODUCT_BUNDLE_IDENTIFIER[sdk=iphoneos*]" = com.jackgerraughty.checkinapp;
				PRODUCT_NAME = "$(TARGET_NAME)";
				SDKROOT = auto;
				SUPPORTED_PLATFORMS = "iphonesimulator iphoneos";
				SWIFT_EMIT_LOC_STRINGS = YES;
				SWIFT_VERSION = 5.0;
				TARGETED_DEVICE_FAMILY = "1,2";
			};
			name = Release;
		};
		B83D44452DAF3BBA00F95B42 /* Debug */ = {
			isa = XCBuildConfiguration;
			buildSettings = {
				ALWAYS_EMBED_SWIFT_STANDARD_LIBRARIES = YES;
				BUNDLE_LOADER = "$(TEST_HOST)";
				CODE_SIGN_STYLE = Automatic;
				CURRENT_PROJECT_VERSION = 1;
				DEVELOPMENT_TEAM = B4A7LGV5AC;
				GENERATE_INFOPLIST_FILE = YES;
				IPHONEOS_DEPLOYMENT_TARGET = 17.2;
				MACOSX_DEPLOYMENT_TARGET = 14.1;
				MARKETING_VERSION = 1.0;
				PRODUCT_BUNDLE_IDENTIFIER = Personal.CheckSignTests;
				PRODUCT_NAME = "$(TARGET_NAME)";
				SDKROOT = auto;
				SUPPORTED_PLATFORMS = "iphoneos iphonesimulator macosx";
				SWIFT_EMIT_LOC_STRINGS = NO;
				SWIFT_VERSION = 5.0;
				TARGETED_DEVICE_FAMILY = "1,2";
				TEST_HOST = "$(BUILT_PRODUCTS_DIR)/CheckSign.app/$(BUNDLE_EXECUTABLE_FOLDER_PATH)/CheckSign";
			};
			name = Debug;
		};
		B83D44462DAF3BBA00F95B42 /* Release */ = {
			isa = XCBuildConfiguration;
			buildSettings = {
				ALWAYS_EMBED_SWIFT_STANDARD_LIBRARIES = YES;
				BUNDLE_LOADER = "$(TEST_HOST)";
				CODE_SIGN_STYLE = Automatic;
				CURRENT_PROJECT_VERSION = 1;
				DEVELOPMENT_TEAM = B4A7LGV5AC;
				GENERATE_INFOPLIST_FILE = YES;
				IPHONEOS_DEPLOYMENT_TARGET = 17.2;
				MACOSX_DEPLOYMENT_TARGET = 14.1;
				MARKETING_VERSION = 1.0;
				PRODUCT_BUNDLE_IDENTIFIER = Personal.CheckSignTests;
				PRODUCT_NAME = "$(TARGET_NAME)";
				SDKROOT = auto;
				SUPPORTED_PLATFORMS = "iphoneos iphonesimulator macosx";
				SWIFT_EMIT_LOC_STRINGS = NO;
				SWIFT_VERSION = 5.0;
				TARGETED_DEVICE_FAMILY = "1,2";
				TEST_HOST = "$(BUILT_PRODUCTS_DIR)/CheckSign.app/$(BUNDLE_EXECUTABLE_FOLDER_PATH)/CheckSign";
			};
			name = Release;
		};
		B83D44482DAF3BBA00F95B42 /* Debug */ = {
			isa = XCBuildConfiguration;
			buildSettings = {
				ALWAYS_EMBED_SWIFT_STANDARD_LIBRARIES = YES;
				CODE_SIGN_STYLE = Automatic;
				CURRENT_PROJECT_VERSION = 1;
				DEVELOPMENT_TEAM = B4A7LGV5AC;
				GENERATE_INFOPLIST_FILE = YES;
				IPHONEOS_DEPLOYMENT_TARGET = 17.2;
				MACOSX_DEPLOYMENT_TARGET = 14.1;
				MARKETING_VERSION = 1.0;
				PRODUCT_BUNDLE_IDENTIFIER = Personal.CheckSignUITests;
				PRODUCT_NAME = "$(TARGET_NAME)";
				SDKROOT = auto;
				SUPPORTED_PLATFORMS = "iphoneos iphonesimulator macosx";
				SWIFT_EMIT_LOC_STRINGS = NO;
				SWIFT_VERSION = 5.0;
				TARGETED_DEVICE_FAMILY = "1,2";
				TEST_TARGET_NAME = CheckSign;
			};
			name = Debug;
		};
		B83D44492DAF3BBA00F95B42 /* Release */ = {
			isa = XCBuildConfiguration;
			buildSettings = {
				ALWAYS_EMBED_SWIFT_STANDARD_LIBRARIES = YES;
				CODE_SIGN_STYLE = Automatic;
				CURRENT_PROJECT_VERSION = 1;
				DEVELOPMENT_TEAM = B4A7LGV5AC;
				GENERATE_INFOPLIST_FILE = YES;
				IPHONEOS_DEPLOYMENT_TARGET = 17.2;
				MACOSX_DEPLOYMENT_TARGET = 14.1;
				MARKETING_VERSION = 1.0;
				PRODUCT_BUNDLE_IDENTIFIER = Personal.CheckSignUITests;
				PRODUCT_NAME = "$(TARGET_NAME)";
				SDKROOT = auto;
				SUPPORTED_PLATFORMS = "iphoneos iphonesimulator macosx";
				SWIFT_EMIT_LOC_STRINGS = NO;
				SWIFT_VERSION = 5.0;
				TARGETED_DEVICE_FAMILY = "1,2";
				TEST_TARGET_NAME = CheckSign;
			};
			name = Release;
		};
/* End XCBuildConfiguration section */

/* Begin XCConfigurationList section */
		B83D44172DAF3BB800F95B42 /* Build configuration list for PBXProject "CheckSign" */ = {
			isa = XCConfigurationList;
			buildConfigurations = (
				B83D443F2DAF3BBA00F95B42 /* Debug */,
				B83D44402DAF3BBA00F95B42 /* Release */,
			);
			defaultConfigurationIsVisible = 0;
			defaultConfigurationName = Release;
		};
		B83D44412DAF3BBA00F95B42 /* Build configuration list for PBXNativeTarget "CheckSign" */ = {
			isa = XCConfigurationList;
			buildConfigurations = (
				B83D44422DAF3BBA00F95B42 /* Debug */,
				B83D44432DAF3BBA00F95B42 /* Release */,
			);
			defaultConfigurationIsVisible = 0;
			defaultConfigurationName = Release;
		};
		B83D44442DAF3BBA00F95B42 /* Build configuration list for PBXNativeTarget "CheckSignTests" */ = {
			isa = XCConfigurationList;
			buildConfigurations = (
				B83D44452DAF3BBA00F95B42 /* Debug */,
				B83D44462DAF3BBA00F95B42 /* Release */,
			);
			defaultConfigurationIsVisible = 0;
			defaultConfigurationName = Release;
		};
		B83D44472DAF3BBA00F95B42 /* Build configuration list for PBXNativeTarget "CheckSignUITests" */ = {
			isa = XCConfigurationList;
			buildConfigurations = (
				B83D44482DAF3BBA00F95B42 /* Debug */,
				B83D44492DAF3BBA00F95B42 /* Release */,
			);
			defaultConfigurationIsVisible = 0;
			defaultConfigurationName = Release;
		};
/* End XCConfigurationList section */
	};
	rootObject = B83D44142DAF3BB800F95B42 /* Project object */;
}
